// !$*UTF8*$!
{
	archiveVersion = 1;
	classes = {
	};
	objectVersion = 55;
	objects = {

/* Begin PBXBuildFile section */
		1A7F225F5534CDA5B08DDFAA /* Pods_InstagramTests.framework in Frameworks */ = {isa = PBXBuildFile; fileRef = 046AB7952D70CF99A41FC29D /* Pods_InstagramTests.framework */; };
		47EE13C62D8661D77A1045B1 /* Pods_Instagram.framework in Frameworks */ = {isa = PBXBuildFile; fileRef = 89EABC421981FC325C047A1C /* Pods_Instagram.framework */; };
		D6A4DEDA5A17848DE27FC205 /* Pods_Instagram_InstagramUITests.framework in Frameworks */ = {isa = PBXBuildFile; fileRef = 210299D7F57641E7F3B59D75 /* Pods_Instagram_InstagramUITests.framework */; };
		EE3FE68B286A4A3C008BF3E1 /* AppDelegate.m in Sources */ = {isa = PBXBuildFile; fileRef = EE3FE68A286A4A3C008BF3E1 /* AppDelegate.m */; };
		EE3FE68E286A4A3C008BF3E1 /* SceneDelegate.m in Sources */ = {isa = PBXBuildFile; fileRef = EE3FE68D286A4A3C008BF3E1 /* SceneDelegate.m */; };
		EE3FE694286A4A3C008BF3E1 /* Main.storyboard in Resources */ = {isa = PBXBuildFile; fileRef = EE3FE692286A4A3C008BF3E1 /* Main.storyboard */; };
		EE3FE696286A4A3C008BF3E1 /* Assets.xcassets in Resources */ = {isa = PBXBuildFile; fileRef = EE3FE695286A4A3C008BF3E1 /* Assets.xcassets */; };
		EE3FE699286A4A3C008BF3E1 /* LaunchScreen.storyboard in Resources */ = {isa = PBXBuildFile; fileRef = EE3FE697286A4A3C008BF3E1 /* LaunchScreen.storyboard */; };
		EE3FE69C286A4A3C008BF3E1 /* main.m in Sources */ = {isa = PBXBuildFile; fileRef = EE3FE69B286A4A3C008BF3E1 /* main.m */; };
		EE3FE6A6286A4A3C008BF3E1 /* InstagramTests.m in Sources */ = {isa = PBXBuildFile; fileRef = EE3FE6A5286A4A3C008BF3E1 /* InstagramTests.m */; };
		EE3FE6B0286A4A3C008BF3E1 /* InstagramUITests.m in Sources */ = {isa = PBXBuildFile; fileRef = EE3FE6AF286A4A3C008BF3E1 /* InstagramUITests.m */; };
		EE3FE6B2286A4A3C008BF3E1 /* InstagramUITestsLaunchTests.m in Sources */ = {isa = PBXBuildFile; fileRef = EE3FE6B1286A4A3C008BF3E1 /* InstagramUITestsLaunchTests.m */; };
		EE3FE6BF286A61F7008BF3E1 /* instagram_assets in Resources */ = {isa = PBXBuildFile; fileRef = EE3FE6BE286A61F7008BF3E1 /* instagram_assets */; };
		EE3FE6C3286A64AA008BF3E1 /* LoginViewController.m in Sources */ = {isa = PBXBuildFile; fileRef = EE3FE6C2286A64AA008BF3E1 /* LoginViewController.m */; };
		EE3FE6C6286A6891008BF3E1 /* TimelineViewController.m in Sources */ = {isa = PBXBuildFile; fileRef = EE3FE6C5286A6891008BF3E1 /* TimelineViewController.m */; };
		EEAFEFB3286B76100095E090 /* Post.m in Sources */ = {isa = PBXBuildFile; fileRef = EEAFEFB2286B76100095E090 /* Post.m */; };
		EEAFEFB6286B9D5A0095E090 /* NewPostViewController.m in Sources */ = {isa = PBXBuildFile; fileRef = EEAFEFB5286B9D5A0095E090 /* NewPostViewController.m */; };
/* End PBXBuildFile section */

/* Begin PBXContainerItemProxy section */
		EE3FE6A2286A4A3C008BF3E1 /* PBXContainerItemProxy */ = {
			isa = PBXContainerItemProxy;
			containerPortal = EE3FE67E286A4A3B008BF3E1 /* Project object */;
			proxyType = 1;
			remoteGlobalIDString = EE3FE685286A4A3B008BF3E1;
			remoteInfo = Instagram;
		};
		EE3FE6AC286A4A3C008BF3E1 /* PBXContainerItemProxy */ = {
			isa = PBXContainerItemProxy;
			containerPortal = EE3FE67E286A4A3B008BF3E1 /* Project object */;
			proxyType = 1;
			remoteGlobalIDString = EE3FE685286A4A3B008BF3E1;
			remoteInfo = Instagram;
		};
/* End PBXContainerItemProxy section */

/* Begin PBXFileReference section */
		046AB7952D70CF99A41FC29D /* Pods_InstagramTests.framework */ = {isa = PBXFileReference; explicitFileType = wrapper.framework; includeInIndex = 0; path = Pods_InstagramTests.framework; sourceTree = BUILT_PRODUCTS_DIR; };
		04FBBC0EF8BDA818F97AD02F /* Pods-InstagramTests.release.xcconfig */ = {isa = PBXFileReference; includeInIndex = 1; lastKnownFileType = text.xcconfig; name = "Pods-InstagramTests.release.xcconfig"; path = "Target Support Files/Pods-InstagramTests/Pods-InstagramTests.release.xcconfig"; sourceTree = "<group>"; };
		176F48C5383BE11B3A98EEE8 /* Pods-Instagram-InstagramUITests.release.xcconfig */ = {isa = PBXFileReference; includeInIndex = 1; lastKnownFileType = text.xcconfig; name = "Pods-Instagram-InstagramUITests.release.xcconfig"; path = "Target Support Files/Pods-Instagram-InstagramUITests/Pods-Instagram-InstagramUITests.release.xcconfig"; sourceTree = "<group>"; };
		210299D7F57641E7F3B59D75 /* Pods_Instagram_InstagramUITests.framework */ = {isa = PBXFileReference; explicitFileType = wrapper.framework; includeInIndex = 0; path = Pods_Instagram_InstagramUITests.framework; sourceTree = BUILT_PRODUCTS_DIR; };
		36FAAFD82AC89DC40C82B994 /* Pods-Instagram.debug.xcconfig */ = {isa = PBXFileReference; includeInIndex = 1; lastKnownFileType = text.xcconfig; name = "Pods-Instagram.debug.xcconfig"; path = "Target Support Files/Pods-Instagram/Pods-Instagram.debug.xcconfig"; sourceTree = "<group>"; };
		383C764391CF0BC5241C5E49 /* Pods-Instagram.release.xcconfig */ = {isa = PBXFileReference; includeInIndex = 1; lastKnownFileType = text.xcconfig; name = "Pods-Instagram.release.xcconfig"; path = "Target Support Files/Pods-Instagram/Pods-Instagram.release.xcconfig"; sourceTree = "<group>"; };
		89EABC421981FC325C047A1C /* Pods_Instagram.framework */ = {isa = PBXFileReference; explicitFileType = wrapper.framework; includeInIndex = 0; path = Pods_Instagram.framework; sourceTree = BUILT_PRODUCTS_DIR; };
		AA56865D56BC57E33F6FBFA2 /* Pods-InstagramTests.debug.xcconfig */ = {isa = PBXFileReference; includeInIndex = 1; lastKnownFileType = text.xcconfig; name = "Pods-InstagramTests.debug.xcconfig"; path = "Target Support Files/Pods-InstagramTests/Pods-InstagramTests.debug.xcconfig"; sourceTree = "<group>"; };
		DFB7147C67883AE1032BB11D /* Pods-Instagram-InstagramUITests.debug.xcconfig */ = {isa = PBXFileReference; includeInIndex = 1; lastKnownFileType = text.xcconfig; name = "Pods-Instagram-InstagramUITests.debug.xcconfig"; path = "Target Support Files/Pods-Instagram-InstagramUITests/Pods-Instagram-InstagramUITests.debug.xcconfig"; sourceTree = "<group>"; };
		EE3FE686286A4A3C008BF3E1 /* Instagram.app */ = {isa = PBXFileReference; explicitFileType = wrapper.application; includeInIndex = 0; path = Instagram.app; sourceTree = BUILT_PRODUCTS_DIR; };
		EE3FE689286A4A3C008BF3E1 /* AppDelegate.h */ = {isa = PBXFileReference; lastKnownFileType = sourcecode.c.h; path = AppDelegate.h; sourceTree = "<group>"; };
		EE3FE68A286A4A3C008BF3E1 /* AppDelegate.m */ = {isa = PBXFileReference; lastKnownFileType = sourcecode.c.objc; path = AppDelegate.m; sourceTree = "<group>"; };
		EE3FE68C286A4A3C008BF3E1 /* SceneDelegate.h */ = {isa = PBXFileReference; lastKnownFileType = sourcecode.c.h; path = SceneDelegate.h; sourceTree = "<group>"; };
		EE3FE68D286A4A3C008BF3E1 /* SceneDelegate.m */ = {isa = PBXFileReference; lastKnownFileType = sourcecode.c.objc; path = SceneDelegate.m; sourceTree = "<group>"; };
		EE3FE693286A4A3C008BF3E1 /* Base */ = {isa = PBXFileReference; lastKnownFileType = file.storyboard; name = Base; path = Base.lproj/Main.storyboard; sourceTree = "<group>"; };
		EE3FE695286A4A3C008BF3E1 /* Assets.xcassets */ = {isa = PBXFileReference; lastKnownFileType = folder.assetcatalog; path = Assets.xcassets; sourceTree = "<group>"; };
		EE3FE698286A4A3C008BF3E1 /* Base */ = {isa = PBXFileReference; lastKnownFileType = file.storyboard; name = Base; path = Base.lproj/LaunchScreen.storyboard; sourceTree = "<group>"; };
		EE3FE69A286A4A3C008BF3E1 /* Info.plist */ = {isa = PBXFileReference; lastKnownFileType = text.plist.xml; path = Info.plist; sourceTree = "<group>"; };
		EE3FE69B286A4A3C008BF3E1 /* main.m */ = {isa = PBXFileReference; lastKnownFileType = sourcecode.c.objc; path = main.m; sourceTree = "<group>"; };
		EE3FE6A1286A4A3C008BF3E1 /* InstagramTests.xctest */ = {isa = PBXFileReference; explicitFileType = wrapper.cfbundle; includeInIndex = 0; path = InstagramTests.xctest; sourceTree = BUILT_PRODUCTS_DIR; };
		EE3FE6A5286A4A3C008BF3E1 /* InstagramTests.m */ = {isa = PBXFileReference; lastKnownFileType = sourcecode.c.objc; path = InstagramTests.m; sourceTree = "<group>"; };
		EE3FE6AB286A4A3C008BF3E1 /* InstagramUITests.xctest */ = {isa = PBXFileReference; explicitFileType = wrapper.cfbundle; includeInIndex = 0; path = InstagramUITests.xctest; sourceTree = BUILT_PRODUCTS_DIR; };
		EE3FE6AF286A4A3C008BF3E1 /* InstagramUITests.m */ = {isa = PBXFileReference; lastKnownFileType = sourcecode.c.objc; path = InstagramUITests.m; sourceTree = "<group>"; };
		EE3FE6B1286A4A3C008BF3E1 /* InstagramUITestsLaunchTests.m */ = {isa = PBXFileReference; lastKnownFileType = sourcecode.c.objc; path = InstagramUITestsLaunchTests.m; sourceTree = "<group>"; };
		EE3FE6BE286A61F7008BF3E1 /* instagram_assets */ = {isa = PBXFileReference; lastKnownFileType = folder; path = instagram_assets; sourceTree = "<group>"; };
		EE3FE6C1286A64AA008BF3E1 /* LoginViewController.h */ = {isa = PBXFileReference; lastKnownFileType = sourcecode.c.h; path = LoginViewController.h; sourceTree = "<group>"; };
		EE3FE6C2286A64AA008BF3E1 /* LoginViewController.m */ = {isa = PBXFileReference; lastKnownFileType = sourcecode.c.objc; path = LoginViewController.m; sourceTree = "<group>"; };
		EE3FE6C4286A6891008BF3E1 /* TimelineViewController.h */ = {isa = PBXFileReference; lastKnownFileType = sourcecode.c.h; path = TimelineViewController.h; sourceTree = "<group>"; };
		EE3FE6C5286A6891008BF3E1 /* TimelineViewController.m */ = {isa = PBXFileReference; lastKnownFileType = sourcecode.c.objc; path = TimelineViewController.m; sourceTree = "<group>"; };
		EEAFEFB1286B76100095E090 /* Post.h */ = {isa = PBXFileReference; lastKnownFileType = sourcecode.c.h; path = Post.h; sourceTree = "<group>"; };
		EEAFEFB2286B76100095E090 /* Post.m */ = {isa = PBXFileReference; lastKnownFileType = sourcecode.c.objc; path = Post.m; sourceTree = "<group>"; };
		EEAFEFB4286B9D5A0095E090 /* NewPostViewController.h */ = {isa = PBXFileReference; lastKnownFileType = sourcecode.c.h; path = NewPostViewController.h; sourceTree = "<group>"; };
		EEAFEFB5286B9D5A0095E090 /* NewPostViewController.m */ = {isa = PBXFileReference; lastKnownFileType = sourcecode.c.objc; path = NewPostViewController.m; sourceTree = "<group>"; };
/* End PBXFileReference section */

/* Begin PBXFrameworksBuildPhase section */
		EE3FE683286A4A3B008BF3E1 /* Frameworks */ = {
			isa = PBXFrameworksBuildPhase;
			buildActionMask = 2147483647;
			files = (
				47EE13C62D8661D77A1045B1 /* Pods_Instagram.framework in Frameworks */,
			);
			runOnlyForDeploymentPostprocessing = 0;
		};
		EE3FE69E286A4A3C008BF3E1 /* Frameworks */ = {
			isa = PBXFrameworksBuildPhase;
			buildActionMask = 2147483647;
			files = (
				1A7F225F5534CDA5B08DDFAA /* Pods_InstagramTests.framework in Frameworks */,
			);
			runOnlyForDeploymentPostprocessing = 0;
		};
		EE3FE6A8286A4A3C008BF3E1 /* Frameworks */ = {
			isa = PBXFrameworksBuildPhase;
			buildActionMask = 2147483647;
			files = (
				D6A4DEDA5A17848DE27FC205 /* Pods_Instagram_InstagramUITests.framework in Frameworks */,
			);
			runOnlyForDeploymentPostprocessing = 0;
		};
/* End PBXFrameworksBuildPhase section */

/* Begin PBXGroup section */
		13BF112EB0A36A327B764978 /* Pods */ = {
			isa = PBXGroup;
			children = (
				36FAAFD82AC89DC40C82B994 /* Pods-Instagram.debug.xcconfig */,
				383C764391CF0BC5241C5E49 /* Pods-Instagram.release.xcconfig */,
				DFB7147C67883AE1032BB11D /* Pods-Instagram-InstagramUITests.debug.xcconfig */,
				176F48C5383BE11B3A98EEE8 /* Pods-Instagram-InstagramUITests.release.xcconfig */,
				AA56865D56BC57E33F6FBFA2 /* Pods-InstagramTests.debug.xcconfig */,
				04FBBC0EF8BDA818F97AD02F /* Pods-InstagramTests.release.xcconfig */,
			);
			path = Pods;
			sourceTree = "<group>";
		};
		CC0F2B4177AFD3FA6ED5E7A8 /* Frameworks */ = {
			isa = PBXGroup;
			children = (
				89EABC421981FC325C047A1C /* Pods_Instagram.framework */,
				210299D7F57641E7F3B59D75 /* Pods_Instagram_InstagramUITests.framework */,
				046AB7952D70CF99A41FC29D /* Pods_InstagramTests.framework */,
			);
			name = Frameworks;
			sourceTree = "<group>";
		};
		EE3FE67D286A4A3B008BF3E1 = {
			isa = PBXGroup;
			children = (
				EE3FE688286A4A3C008BF3E1 /* Instagram */,
				EE3FE6A4286A4A3C008BF3E1 /* InstagramTests */,
				EE3FE6AE286A4A3C008BF3E1 /* InstagramUITests */,
				EE3FE687286A4A3C008BF3E1 /* Products */,
				13BF112EB0A36A327B764978 /* Pods */,
				CC0F2B4177AFD3FA6ED5E7A8 /* Frameworks */,
			);
			sourceTree = "<group>";
		};
		EE3FE687286A4A3C008BF3E1 /* Products */ = {
			isa = PBXGroup;
			children = (
				EE3FE686286A4A3C008BF3E1 /* Instagram.app */,
				EE3FE6A1286A4A3C008BF3E1 /* InstagramTests.xctest */,
				EE3FE6AB286A4A3C008BF3E1 /* InstagramUITests.xctest */,
			);
			name = Products;
			sourceTree = "<group>";
		};
		EE3FE688286A4A3C008BF3E1 /* Instagram */ = {
			isa = PBXGroup;
			children = (
				EEAFEFB0286B75D50095E090 /* Delegates */,
				EEAFEFAF286B75CB0095E090 /* Models */,
				EE3FE6C0286A6494008BF3E1 /* View Controllers */,
				EE3FE692286A4A3C008BF3E1 /* Main.storyboard */,
				EE3FE697286A4A3C008BF3E1 /* LaunchScreen.storyboard */,
				EE3FE6BE286A61F7008BF3E1 /* instagram_assets */,
				EE3FE695286A4A3C008BF3E1 /* Assets.xcassets */,
				EE3FE69A286A4A3C008BF3E1 /* Info.plist */,
				EE3FE69B286A4A3C008BF3E1 /* main.m */,
			);
			path = Instagram;
			sourceTree = "<group>";
		};
		EE3FE6A4286A4A3C008BF3E1 /* InstagramTests */ = {
			isa = PBXGroup;
			children = (
				EE3FE6A5286A4A3C008BF3E1 /* InstagramTests.m */,
			);
			path = InstagramTests;
			sourceTree = "<group>";
		};
		EE3FE6AE286A4A3C008BF3E1 /* InstagramUITests */ = {
			isa = PBXGroup;
			children = (
				EE3FE6AF286A4A3C008BF3E1 /* InstagramUITests.m */,
				EE3FE6B1286A4A3C008BF3E1 /* InstagramUITestsLaunchTests.m */,
			);
			path = InstagramUITests;
			sourceTree = "<group>";
		};
		EE3FE6C0286A6494008BF3E1 /* View Controllers */ = {
			isa = PBXGroup;
			children = (
				EE3FE6C1286A64AA008BF3E1 /* LoginViewController.h */,
				EE3FE6C2286A64AA008BF3E1 /* LoginViewController.m */,
				EE3FE6C4286A6891008BF3E1 /* TimelineViewController.h */,
				EE3FE6C5286A6891008BF3E1 /* TimelineViewController.m */,
				EEAFEFB4286B9D5A0095E090 /* NewPostViewController.h */,
				EEAFEFB5286B9D5A0095E090 /* NewPostViewController.m */,
			);
			path = "View Controllers";
			sourceTree = "<group>";
		};
		EEAFEFAF286B75CB0095E090 /* Models */ = {
			isa = PBXGroup;
			children = (
				EEAFEFB1286B76100095E090 /* Post.h */,
				EEAFEFB2286B76100095E090 /* Post.m */,
			);
			path = Models;
			sourceTree = "<group>";
		};
		EEAFEFB0286B75D50095E090 /* Delegates */ = {
			isa = PBXGroup;
			children = (
				EE3FE689286A4A3C008BF3E1 /* AppDelegate.h */,
				EE3FE68A286A4A3C008BF3E1 /* AppDelegate.m */,
				EE3FE68C286A4A3C008BF3E1 /* SceneDelegate.h */,
				EE3FE68D286A4A3C008BF3E1 /* SceneDelegate.m */,
			);
			path = Delegates;
			sourceTree = "<group>";
		};
/* End PBXGroup section */

/* Begin PBXNativeTarget section */
		EE3FE685286A4A3B008BF3E1 /* Instagram */ = {
			isa = PBXNativeTarget;
			buildConfigurationList = EE3FE6B5286A4A3C008BF3E1 /* Build configuration list for PBXNativeTarget "Instagram" */;
			buildPhases = (
				72DF86DF123C24190381E886 /* [CP] Check Pods Manifest.lock */,
				EE3FE682286A4A3B008BF3E1 /* Sources */,
				EE3FE683286A4A3B008BF3E1 /* Frameworks */,
				EE3FE684286A4A3B008BF3E1 /* Resources */,
				DD4B449EBAA281EBF5439998 /* [CP] Embed Pods Frameworks */,
			);
			buildRules = (
			);
			dependencies = (
			);
			name = Instagram;
			productName = Instagram;
			productReference = EE3FE686286A4A3C008BF3E1 /* Instagram.app */;
			productType = "com.apple.product-type.application";
		};
		EE3FE6A0286A4A3C008BF3E1 /* InstagramTests */ = {
			isa = PBXNativeTarget;
			buildConfigurationList = EE3FE6B8286A4A3C008BF3E1 /* Build configuration list for PBXNativeTarget "InstagramTests" */;
			buildPhases = (
				A70EC1BC96FD9FCD6424850E /* [CP] Check Pods Manifest.lock */,
				EE3FE69D286A4A3C008BF3E1 /* Sources */,
				EE3FE69E286A4A3C008BF3E1 /* Frameworks */,
				EE3FE69F286A4A3C008BF3E1 /* Resources */,
			);
			buildRules = (
			);
			dependencies = (
				EE3FE6A3286A4A3C008BF3E1 /* PBXTargetDependency */,
			);
			name = InstagramTests;
			productName = InstagramTests;
			productReference = EE3FE6A1286A4A3C008BF3E1 /* InstagramTests.xctest */;
			productType = "com.apple.product-type.bundle.unit-test";
		};
		EE3FE6AA286A4A3C008BF3E1 /* InstagramUITests */ = {
			isa = PBXNativeTarget;
			buildConfigurationList = EE3FE6BB286A4A3C008BF3E1 /* Build configuration list for PBXNativeTarget "InstagramUITests" */;
			buildPhases = (
				92BBE34805447B129A00E2C8 /* [CP] Check Pods Manifest.lock */,
				EE3FE6A7286A4A3C008BF3E1 /* Sources */,
				EE3FE6A8286A4A3C008BF3E1 /* Frameworks */,
				EE3FE6A9286A4A3C008BF3E1 /* Resources */,
				C574336A88EDEB85DD5C3C1E /* [CP] Embed Pods Frameworks */,
			);
			buildRules = (
			);
			dependencies = (
				EE3FE6AD286A4A3C008BF3E1 /* PBXTargetDependency */,
			);
			name = InstagramUITests;
			productName = InstagramUITests;
			productReference = EE3FE6AB286A4A3C008BF3E1 /* InstagramUITests.xctest */;
			productType = "com.apple.product-type.bundle.ui-testing";
		};
/* End PBXNativeTarget section */

/* Begin PBXProject section */
		EE3FE67E286A4A3B008BF3E1 /* Project object */ = {
			isa = PBXProject;
			attributes = {
				BuildIndependentTargetsInParallel = 1;
				LastUpgradeCheck = 1340;
				TargetAttributes = {
					EE3FE685286A4A3B008BF3E1 = {
						CreatedOnToolsVersion = 13.4.1;
					};
					EE3FE6A0286A4A3C008BF3E1 = {
						CreatedOnToolsVersion = 13.4.1;
						TestTargetID = EE3FE685286A4A3B008BF3E1;
					};
					EE3FE6AA286A4A3C008BF3E1 = {
						CreatedOnToolsVersion = 13.4.1;
						TestTargetID = EE3FE685286A4A3B008BF3E1;
					};
				};
			};
			buildConfigurationList = EE3FE681286A4A3B008BF3E1 /* Build configuration list for PBXProject "Instagram" */;
			compatibilityVersion = "Xcode 13.0";
			developmentRegion = en;
			hasScannedForEncodings = 0;
			knownRegions = (
				en,
				Base,
			);
			mainGroup = EE3FE67D286A4A3B008BF3E1;
			productRefGroup = EE3FE687286A4A3C008BF3E1 /* Products */;
			projectDirPath = "";
			projectRoot = "";
			targets = (
				EE3FE685286A4A3B008BF3E1 /* Instagram */,
				EE3FE6A0286A4A3C008BF3E1 /* InstagramTests */,
				EE3FE6AA286A4A3C008BF3E1 /* InstagramUITests */,
			);
		};
/* End PBXProject section */

/* Begin PBXResourcesBuildPhase section */
		EE3FE684286A4A3B008BF3E1 /* Resources */ = {
			isa = PBXResourcesBuildPhase;
			buildActionMask = 2147483647;
			files = (
				EE3FE6BF286A61F7008BF3E1 /* instagram_assets in Resources */,
				EE3FE699286A4A3C008BF3E1 /* LaunchScreen.storyboard in Resources */,
				EE3FE696286A4A3C008BF3E1 /* Assets.xcassets in Resources */,
				EE3FE694286A4A3C008BF3E1 /* Main.storyboard in Resources */,
			);
			runOnlyForDeploymentPostprocessing = 0;
		};
		EE3FE69F286A4A3C008BF3E1 /* Resources */ = {
			isa = PBXResourcesBuildPhase;
			buildActionMask = 2147483647;
			files = (
			);
			runOnlyForDeploymentPostprocessing = 0;
		};
		EE3FE6A9286A4A3C008BF3E1 /* Resources */ = {
			isa = PBXResourcesBuildPhase;
			buildActionMask = 2147483647;
			files = (
			);
			runOnlyForDeploymentPostprocessing = 0;
		};
/* End PBXResourcesBuildPhase section */

/* Begin PBXShellScriptBuildPhase section */
		72DF86DF123C24190381E886 /* [CP] Check Pods Manifest.lock */ = {
			isa = PBXShellScriptBuildPhase;
			buildActionMask = 2147483647;
			files = (
			);
			inputFileListPaths = (
			);
			inputPaths = (
				"${PODS_PODFILE_DIR_PATH}/Podfile.lock",
				"${PODS_ROOT}/Manifest.lock",
			);
			name = "[CP] Check Pods Manifest.lock";
			outputFileListPaths = (
			);
			outputPaths = (
				"$(DERIVED_FILE_DIR)/Pods-Instagram-checkManifestLockResult.txt",
			);
			runOnlyForDeploymentPostprocessing = 0;
			shellPath = /bin/sh;
			shellScript = "diff \"${PODS_PODFILE_DIR_PATH}/Podfile.lock\" \"${PODS_ROOT}/Manifest.lock\" > /dev/null\nif [ $? != 0 ] ; then\n    # print error to STDERR\n    echo \"error: The sandbox is not in sync with the Podfile.lock. Run 'pod install' or update your CocoaPods installation.\" >&2\n    exit 1\nfi\n# This output is used by Xcode 'outputs' to avoid re-running this script phase.\necho \"SUCCESS\" > \"${SCRIPT_OUTPUT_FILE_0}\"\n";
			showEnvVarsInLog = 0;
		};
		92BBE34805447B129A00E2C8 /* [CP] Check Pods Manifest.lock */ = {
			isa = PBXShellScriptBuildPhase;
			buildActionMask = 2147483647;
			files = (
			);
			inputFileListPaths = (
			);
			inputPaths = (
				"${PODS_PODFILE_DIR_PATH}/Podfile.lock",
				"${PODS_ROOT}/Manifest.lock",
			);
			name = "[CP] Check Pods Manifest.lock";
			outputFileListPaths = (
			);
			outputPaths = (
				"$(DERIVED_FILE_DIR)/Pods-Instagram-InstagramUITests-checkManifestLockResult.txt",
			);
			runOnlyForDeploymentPostprocessing = 0;
			shellPath = /bin/sh;
			shellScript = "diff \"${PODS_PODFILE_DIR_PATH}/Podfile.lock\" \"${PODS_ROOT}/Manifest.lock\" > /dev/null\nif [ $? != 0 ] ; then\n    # print error to STDERR\n    echo \"error: The sandbox is not in sync with the Podfile.lock. Run 'pod install' or update your CocoaPods installation.\" >&2\n    exit 1\nfi\n# This output is used by Xcode 'outputs' to avoid re-running this script phase.\necho \"SUCCESS\" > \"${SCRIPT_OUTPUT_FILE_0}\"\n";
			showEnvVarsInLog = 0;
		};
		A70EC1BC96FD9FCD6424850E /* [CP] Check Pods Manifest.lock */ = {
			isa = PBXShellScriptBuildPhase;
			buildActionMask = 2147483647;
			files = (
			);
			inputFileListPaths = (
			);
			inputPaths = (
				"${PODS_PODFILE_DIR_PATH}/Podfile.lock",
				"${PODS_ROOT}/Manifest.lock",
			);
			name = "[CP] Check Pods Manifest.lock";
			outputFileListPaths = (
			);
			outputPaths = (
				"$(DERIVED_FILE_DIR)/Pods-InstagramTests-checkManifestLockResult.txt",
			);
			runOnlyForDeploymentPostprocessing = 0;
			shellPath = /bin/sh;
			shellScript = "diff \"${PODS_PODFILE_DIR_PATH}/Podfile.lock\" \"${PODS_ROOT}/Manifest.lock\" > /dev/null\nif [ $? != 0 ] ; then\n    # print error to STDERR\n    echo \"error: The sandbox is not in sync with the Podfile.lock. Run 'pod install' or update your CocoaPods installation.\" >&2\n    exit 1\nfi\n# This output is used by Xcode 'outputs' to avoid re-running this script phase.\necho \"SUCCESS\" > \"${SCRIPT_OUTPUT_FILE_0}\"\n";
			showEnvVarsInLog = 0;
		};
		C574336A88EDEB85DD5C3C1E /* [CP] Embed Pods Frameworks */ = {
			isa = PBXShellScriptBuildPhase;
			buildActionMask = 2147483647;
			files = (
			);
			inputFileListPaths = (
				"${PODS_ROOT}/Target Support Files/Pods-Instagram-InstagramUITests/Pods-Instagram-InstagramUITests-frameworks-${CONFIGURATION}-input-files.xcfilelist",
			);
			name = "[CP] Embed Pods Frameworks";
			outputFileListPaths = (
				"${PODS_ROOT}/Target Support Files/Pods-Instagram-InstagramUITests/Pods-Instagram-InstagramUITests-frameworks-${CONFIGURATION}-output-files.xcfilelist",
			);
			runOnlyForDeploymentPostprocessing = 0;
			shellPath = /bin/sh;
			shellScript = "\"${PODS_ROOT}/Target Support Files/Pods-Instagram-InstagramUITests/Pods-Instagram-InstagramUITests-frameworks.sh\"\n";
			showEnvVarsInLog = 0;
		};
		DD4B449EBAA281EBF5439998 /* [CP] Embed Pods Frameworks */ = {
			isa = PBXShellScriptBuildPhase;
			buildActionMask = 2147483647;
			files = (
			);
			inputFileListPaths = (
				"${PODS_ROOT}/Target Support Files/Pods-Instagram/Pods-Instagram-frameworks-${CONFIGURATION}-input-files.xcfilelist",
			);
			name = "[CP] Embed Pods Frameworks";
			outputFileListPaths = (
				"${PODS_ROOT}/Target Support Files/Pods-Instagram/Pods-Instagram-frameworks-${CONFIGURATION}-output-files.xcfilelist",
			);
			runOnlyForDeploymentPostprocessing = 0;
			shellPath = /bin/sh;
			shellScript = "\"${PODS_ROOT}/Target Support Files/Pods-Instagram/Pods-Instagram-frameworks.sh\"\n";
			showEnvVarsInLog = 0;
		};
/* End PBXShellScriptBuildPhase section */

/* Begin PBXSourcesBuildPhase section */
		EE3FE682286A4A3B008BF3E1 /* Sources */ = {
			isa = PBXSourcesBuildPhase;
			buildActionMask = 2147483647;
			files = (
				EEAFEFB6286B9D5A0095E090 /* NewPostViewController.m in Sources */,
				EE3FE6C3286A64AA008BF3E1 /* LoginViewController.m in Sources */,
				EE3FE68B286A4A3C008BF3E1 /* AppDelegate.m in Sources */,
				EE3FE69C286A4A3C008BF3E1 /* main.m in Sources */,
				EE3FE68E286A4A3C008BF3E1 /* SceneDelegate.m in Sources */,
				EE3FE6C6286A6891008BF3E1 /* TimelineViewController.m in Sources */,
				EEAFEFB3286B76100095E090 /* Post.m in Sources */,
			);
			runOnlyForDeploymentPostprocessing = 0;
		};
		EE3FE69D286A4A3C008BF3E1 /* Sources */ = {
			isa = PBXSourcesBuildPhase;
			buildActionMask = 2147483647;
			files = (
				EE3FE6A6286A4A3C008BF3E1 /* InstagramTests.m in Sources */,
			);
			runOnlyForDeploymentPostprocessing = 0;
		};
		EE3FE6A7286A4A3C008BF3E1 /* Sources */ = {
			isa = PBXSourcesBuildPhase;
			buildActionMask = 2147483647;
			files = (
				EE3FE6B0286A4A3C008BF3E1 /* InstagramUITests.m in Sources */,
				EE3FE6B2286A4A3C008BF3E1 /* InstagramUITestsLaunchTests.m in Sources */,
			);
			runOnlyForDeploymentPostprocessing = 0;
		};
/* End PBXSourcesBuildPhase section */

/* Begin PBXTargetDependency section */
		EE3FE6A3286A4A3C008BF3E1 /* PBXTargetDependency */ = {
			isa = PBXTargetDependency;
			target = EE3FE685286A4A3B008BF3E1 /* Instagram */;
			targetProxy = EE3FE6A2286A4A3C008BF3E1 /* PBXContainerItemProxy */;
		};
		EE3FE6AD286A4A3C008BF3E1 /* PBXTargetDependency */ = {
			isa = PBXTargetDependency;
			target = EE3FE685286A4A3B008BF3E1 /* Instagram */;
			targetProxy = EE3FE6AC286A4A3C008BF3E1 /* PBXContainerItemProxy */;
		};
/* End PBXTargetDependency section */

/* Begin PBXVariantGroup section */
		EE3FE692286A4A3C008BF3E1 /* Main.storyboard */ = {
			isa = PBXVariantGroup;
			children = (
				EE3FE693286A4A3C008BF3E1 /* Base */,
			);
			name = Main.storyboard;
			sourceTree = "<group>";
		};
		EE3FE697286A4A3C008BF3E1 /* LaunchScreen.storyboard */ = {
			isa = PBXVariantGroup;
			children = (
				EE3FE698286A4A3C008BF3E1 /* Base */,
			);
			name = LaunchScreen.storyboard;
			sourceTree = "<group>";
		};
/* End PBXVariantGroup section */

/* Begin XCBuildConfiguration section */
		EE3FE6B3286A4A3C008BF3E1 /* Debug */ = {
			isa = XCBuildConfiguration;
			buildSettings = {
				ALWAYS_SEARCH_USER_PATHS = NO;
				CLANG_ANALYZER_NONNULL = YES;
				CLANG_ANALYZER_NUMBER_OBJECT_CONVERSION = YES_AGGRESSIVE;
				CLANG_CXX_LANGUAGE_STANDARD = "gnu++17";
				CLANG_ENABLE_MODULES = YES;
				CLANG_ENABLE_OBJC_ARC = YES;
				CLANG_ENABLE_OBJC_WEAK = YES;
				CLANG_WARN_BLOCK_CAPTURE_AUTORELEASING = YES;
				CLANG_WARN_BOOL_CONVERSION = YES;
				CLANG_WARN_COMMA = YES;
				CLANG_WARN_CONSTANT_CONVERSION = YES;
				CLANG_WARN_DEPRECATED_OBJC_IMPLEMENTATIONS = YES;
				CLANG_WARN_DIRECT_OBJC_ISA_USAGE = YES_ERROR;
				CLANG_WARN_DOCUMENTATION_COMMENTS = YES;
				CLANG_WARN_EMPTY_BODY = YES;
				CLANG_WARN_ENUM_CONVERSION = YES;
				CLANG_WARN_INFINITE_RECURSION = YES;
				CLANG_WARN_INT_CONVERSION = YES;
				CLANG_WARN_NON_LITERAL_NULL_CONVERSION = YES;
				CLANG_WARN_OBJC_IMPLICIT_RETAIN_SELF = YES;
				CLANG_WARN_OBJC_LITERAL_CONVERSION = YES;
				CLANG_WARN_OBJC_ROOT_CLASS = YES_ERROR;
				CLANG_WARN_QUOTED_INCLUDE_IN_FRAMEWORK_HEADER = YES;
				CLANG_WARN_RANGE_LOOP_ANALYSIS = YES;
				CLANG_WARN_STRICT_PROTOTYPES = YES;
				CLANG_WARN_SUSPICIOUS_MOVE = YES;
				CLANG_WARN_UNGUARDED_AVAILABILITY = YES_AGGRESSIVE;
				CLANG_WARN_UNREACHABLE_CODE = YES;
				CLANG_WARN__DUPLICATE_METHOD_MATCH = YES;
				COPY_PHASE_STRIP = NO;
				DEBUG_INFORMATION_FORMAT = dwarf;
				ENABLE_STRICT_OBJC_MSGSEND = YES;
				ENABLE_TESTABILITY = YES;
				GCC_C_LANGUAGE_STANDARD = gnu11;
				GCC_DYNAMIC_NO_PIC = NO;
				GCC_NO_COMMON_BLOCKS = YES;
				GCC_OPTIMIZATION_LEVEL = 0;
				GCC_PREPROCESSOR_DEFINITIONS = (
					"DEBUG=1",
					"$(inherited)",
				);
				GCC_WARN_64_TO_32_BIT_CONVERSION = YES;
				GCC_WARN_ABOUT_RETURN_TYPE = YES_ERROR;
				GCC_WARN_UNDECLARED_SELECTOR = YES;
				GCC_WARN_UNINITIALIZED_AUTOS = YES_AGGRESSIVE;
				GCC_WARN_UNUSED_FUNCTION = YES;
				GCC_WARN_UNUSED_VARIABLE = YES;
				IPHONEOS_DEPLOYMENT_TARGET = 15.5;
				MTL_ENABLE_DEBUG_INFO = INCLUDE_SOURCE;
				MTL_FAST_MATH = YES;
				ONLY_ACTIVE_ARCH = YES;
				SDKROOT = iphoneos;
			};
			name = Debug;
		};
		EE3FE6B4286A4A3C008BF3E1 /* Release */ = {
			isa = XCBuildConfiguration;
			buildSettings = {
				ALWAYS_SEARCH_USER_PATHS = NO;
				CLANG_ANALYZER_NONNULL = YES;
				CLANG_ANALYZER_NUMBER_OBJECT_CONVERSION = YES_AGGRESSIVE;
				CLANG_CXX_LANGUAGE_STANDARD = "gnu++17";
				CLANG_ENABLE_MODULES = YES;
				CLANG_ENABLE_OBJC_ARC = YES;
				CLANG_ENABLE_OBJC_WEAK = YES;
				CLANG_WARN_BLOCK_CAPTURE_AUTORELEASING = YES;
				CLANG_WARN_BOOL_CONVERSION = YES;
				CLANG_WARN_COMMA = YES;
				CLANG_WARN_CONSTANT_CONVERSION = YES;
				CLANG_WARN_DEPRECATED_OBJC_IMPLEMENTATIONS = YES;
				CLANG_WARN_DIRECT_OBJC_ISA_USAGE = YES_ERROR;
				CLANG_WARN_DOCUMENTATION_COMMENTS = YES;
				CLANG_WARN_EMPTY_BODY = YES;
				CLANG_WARN_ENUM_CONVERSION = YES;
				CLANG_WARN_INFINITE_RECURSION = YES;
				CLANG_WARN_INT_CONVERSION = YES;
				CLANG_WARN_NON_LITERAL_NULL_CONVERSION = YES;
				CLANG_WARN_OBJC_IMPLICIT_RETAIN_SELF = YES;
				CLANG_WARN_OBJC_LITERAL_CONVERSION = YES;
				CLANG_WARN_OBJC_ROOT_CLASS = YES_ERROR;
				CLANG_WARN_QUOTED_INCLUDE_IN_FRAMEWORK_HEADER = YES;
				CLANG_WARN_RANGE_LOOP_ANALYSIS = YES;
				CLANG_WARN_STRICT_PROTOTYPES = YES;
				CLANG_WARN_SUSPICIOUS_MOVE = YES;
				CLANG_WARN_UNGUARDED_AVAILABILITY = YES_AGGRESSIVE;
				CLANG_WARN_UNREACHABLE_CODE = YES;
				CLANG_WARN__DUPLICATE_METHOD_MATCH = YES;
				COPY_PHASE_STRIP = NO;
				DEBUG_INFORMATION_FORMAT = "dwarf-with-dsym";
				ENABLE_NS_ASSERTIONS = NO;
				ENABLE_STRICT_OBJC_MSGSEND = YES;
				GCC_C_LANGUAGE_STANDARD = gnu11;
				GCC_NO_COMMON_BLOCKS = YES;
				GCC_WARN_64_TO_32_BIT_CONVERSION = YES;
				GCC_WARN_ABOUT_RETURN_TYPE = YES_ERROR;
				GCC_WARN_UNDECLARED_SELECTOR = YES;
				GCC_WARN_UNINITIALIZED_AUTOS = YES_AGGRESSIVE;
				GCC_WARN_UNUSED_FUNCTION = YES;
				GCC_WARN_UNUSED_VARIABLE = YES;
				IPHONEOS_DEPLOYMENT_TARGET = 15.5;
				MTL_ENABLE_DEBUG_INFO = NO;
				MTL_FAST_MATH = YES;
				SDKROOT = iphoneos;
				VALIDATE_PRODUCT = YES;
			};
			name = Release;
		};
		EE3FE6B6286A4A3C008BF3E1 /* Debug */ = {
			isa = XCBuildConfiguration;
			baseConfigurationReference = 36FAAFD82AC89DC40C82B994 /* Pods-Instagram.debug.xcconfig */;
			buildSettings = {
				ASSETCATALOG_COMPILER_APPICON_NAME = AppIcon;
				ASSETCATALOG_COMPILER_GLOBAL_ACCENT_COLOR_NAME = AccentColor;
				CODE_SIGN_STYLE = Automatic;
				CURRENT_PROJECT_VERSION = 1;
				DEVELOPMENT_TEAM = LL534K8W99;
				GENERATE_INFOPLIST_FILE = YES;
				INFOPLIST_FILE = Instagram/Info.plist;
				INFOPLIST_KEY_NSCameraUsageDescription = "Need camera access to take pictures";
				INFOPLIST_KEY_NSPhotoLibraryUsageDescription = "Need library access to upload images";
				INFOPLIST_KEY_UIApplicationSupportsIndirectInputEvents = YES;
				INFOPLIST_KEY_UILaunchStoryboardName = LaunchScreen;
				INFOPLIST_KEY_UIMainStoryboardFile = Main;
				INFOPLIST_KEY_UISupportedInterfaceOrientations_iPad = "UIInterfaceOrientationPortrait UIInterfaceOrientationPortraitUpsideDown UIInterfaceOrientationLandscapeLeft UIInterfaceOrientationLandscapeRight";
				INFOPLIST_KEY_UISupportedInterfaceOrientations_iPhone = "UIInterfaceOrientationPortrait UIInterfaceOrientationLandscapeLeft UIInterfaceOrientationLandscapeRight";
				IPHONEOS_DEPLOYMENT_TARGET = 15.4;
				LD_RUNPATH_SEARCH_PATHS = (
					"$(inherited)",
					"@executable_path/Frameworks",
				);
				MARKETING_VERSION = 1.0;
				PRODUCT_BUNDLE_IDENTIFIER = com.KhloeWright.Instagram;
				PRODUCT_NAME = "$(TARGET_NAME)";
				SWIFT_EMIT_LOC_STRINGS = YES;
				TARGETED_DEVICE_FAMILY = "1,2";
			};
			name = Debug;
		};
		EE3FE6B7286A4A3C008BF3E1 /* Release */ = {
			isa = XCBuildConfiguration;
			baseConfigurationReference = 383C764391CF0BC5241C5E49 /* Pods-Instagram.release.xcconfig */;
			buildSettings = {
				ASSETCATALOG_COMPILER_APPICON_NAME = AppIcon;
				ASSETCATALOG_COMPILER_GLOBAL_ACCENT_COLOR_NAME = AccentColor;
				CODE_SIGN_STYLE = Automatic;
				CURRENT_PROJECT_VERSION = 1;
				DEVELOPMENT_TEAM = LL534K8W99;
				GENERATE_INFOPLIST_FILE = YES;
				INFOPLIST_FILE = Instagram/Info.plist;
				INFOPLIST_KEY_NSCameraUsageDescription = "Need camera access to take pictures";
				INFOPLIST_KEY_NSPhotoLibraryUsageDescription = "Need library access to upload images";
				INFOPLIST_KEY_UIApplicationSupportsIndirectInputEvents = YES;
				INFOPLIST_KEY_UILaunchStoryboardName = LaunchScreen;
				INFOPLIST_KEY_UIMainStoryboardFile = Main;
				INFOPLIST_KEY_UISupportedInterfaceOrientations_iPad = "UIInterfaceOrientationPortrait UIInterfaceOrientationPortraitUpsideDown UIInterfaceOrientationLandscapeLeft UIInterfaceOrientationLandscapeRight";
				INFOPLIST_KEY_UISupportedInterfaceOrientations_iPhone = "UIInterfaceOrientationPortrait UIInterfaceOrientationLandscapeLeft UIInterfaceOrientationLandscapeRight";
				IPHONEOS_DEPLOYMENT_TARGET = 15.4;
				LD_RUNPATH_SEARCH_PATHS = (
					"$(inherited)",
					"@executable_path/Frameworks",
				);
				MARKETING_VERSION = 1.0;
				PRODUCT_BUNDLE_IDENTIFIER = com.KhloeWright.Instagram;
				PRODUCT_NAME = "$(TARGET_NAME)";
				SWIFT_EMIT_LOC_STRINGS = YES;
				TARGETED_DEVICE_FAMILY = "1,2";
			};
			name = Release;
		};
		EE3FE6B9286A4A3C008BF3E1 /* Debug */ = {
			isa = XCBuildConfiguration;
			baseConfigurationReference = AA56865D56BC57E33F6FBFA2 /* Pods-InstagramTests.debug.xcconfig */;
			buildSettings = {
				BUNDLE_LOADER = "$(TEST_HOST)";
				CODE_SIGN_STYLE = Automatic;
				CURRENT_PROJECT_VERSION = 1;
				DEVELOPMENT_TEAM = LL534K8W99;
				GENERATE_INFOPLIST_FILE = YES;
				IPHONEOS_DEPLOYMENT_TARGET = 15.5;
				MARKETING_VERSION = 1.0;
				PRODUCT_BUNDLE_IDENTIFIER = com.codepath.InstagramTests;
				PRODUCT_NAME = "$(TARGET_NAME)";
				SWIFT_EMIT_LOC_STRINGS = NO;
				TARGETED_DEVICE_FAMILY = "1,2";
				TEST_HOST = "$(BUILT_PRODUCTS_DIR)/Instagram.app/Instagram";
			};
			name = Debug;
		};
		EE3FE6BA286A4A3C008BF3E1 /* Release */ = {
			isa = XCBuildConfiguration;
			baseConfigurationReference = 04FBBC0EF8BDA818F97AD02F /* Pods-InstagramTests.release.xcconfig */;
			buildSettings = {
				BUNDLE_LOADER = "$(TEST_HOST)";
				CODE_SIGN_STYLE = Automatic;
				CURRENT_PROJECT_VERSION = 1;
				DEVELOPMENT_TEAM = LL534K8W99;
				GENERATE_INFOPLIST_FILE = YES;
				IPHONEOS_DEPLOYMENT_TARGET = 15.5;
				MARKETING_VERSION = 1.0;
				PRODUCT_BUNDLE_IDENTIFIER = com.codepath.InstagramTests;
				PRODUCT_NAME = "$(TARGET_NAME)";
				SWIFT_EMIT_LOC_STRINGS = NO;
				TARGETED_DEVICE_FAMILY = "1,2";
				TEST_HOST = "$(BUILT_PRODUCTS_DIR)/Instagram.app/Instagram";
			};
			name = Release;
		};
		EE3FE6BC286A4A3C008BF3E1 /* Debug */ = {
			isa = XCBuildConfiguration;
			baseConfigurationReference = DFB7147C67883AE1032BB11D /* Pods-Instagram-InstagramUITests.debug.xcconfig */;
			buildSettings = {
				CODE_SIGN_STYLE = Automatic;
				CURRENT_PROJECT_VERSION = 1;
				DEVELOPMENT_TEAM = LL534K8W99;
				GENERATE_INFOPLIST_FILE = YES;
				MARKETING_VERSION = 1.0;
				PRODUCT_BUNDLE_IDENTIFIER = com.codepath.InstagramUITests;
				PRODUCT_NAME = "$(TARGET_NAME)";
				SWIFT_EMIT_LOC_STRINGS = NO;
				TARGETED_DEVICE_FAMILY = "1,2";
				TEST_TARGET_NAME = Instagram;
			};
			name = Debug;
		};
		EE3FE6BD286A4A3C008BF3E1 /* Release */ = {
			isa = XCBuildConfiguration;
			baseConfigurationReference = 176F48C5383BE11B3A98EEE8 /* Pods-Instagram-InstagramUITests.release.xcconfig */;
			buildSettings = {
				CODE_SIGN_STYLE = Automatic;
				CURRENT_PROJECT_VERSION = 1;
				DEVELOPMENT_TEAM = LL534K8W99;
				GENERATE_INFOPLIST_FILE = YES;
				MARKETING_VERSION = 1.0;
				PRODUCT_BUNDLE_IDENTIFIER = com.codepath.InstagramUITests;
				PRODUCT_NAME = "$(TARGET_NAME)";
				SWIFT_EMIT_LOC_STRINGS = NO;
				TARGETED_DEVICE_FAMILY = "1,2";
				TEST_TARGET_NAME = Instagram;
			};
			name = Release;
		};
/* End XCBuildConfiguration section */

/* Begin XCConfigurationList section */
		EE3FE681286A4A3B008BF3E1 /* Build configuration list for PBXProject "Instagram" */ = {
			isa = XCConfigurationList;
			buildConfigurations = (
				EE3FE6B3286A4A3C008BF3E1 /* Debug */,
				EE3FE6B4286A4A3C008BF3E1 /* Release */,
			);
			defaultConfigurationIsVisible = 0;
			defaultConfigurationName = Release;
		};
		EE3FE6B5286A4A3C008BF3E1 /* Build configuration list for PBXNativeTarget "Instagram" */ = {
			isa = XCConfigurationList;
			buildConfigurations = (
				EE3FE6B6286A4A3C008BF3E1 /* Debug */,
				EE3FE6B7286A4A3C008BF3E1 /* Release */,
			);
			defaultConfigurationIsVisible = 0;
			defaultConfigurationName = Release;
		};
		EE3FE6B8286A4A3C008BF3E1 /* Build configuration list for PBXNativeTarget "InstagramTests" */ = {
			isa = XCConfigurationList;
			buildConfigurations = (
				EE3FE6B9286A4A3C008BF3E1 /* Debug */,
				EE3FE6BA286A4A3C008BF3E1 /* Release */,
			);
			defaultConfigurationIsVisible = 0;
			defaultConfigurationName = Release;
		};
		EE3FE6BB286A4A3C008BF3E1 /* Build configuration list for PBXNativeTarget "InstagramUITests" */ = {
			isa = XCConfigurationList;
			buildConfigurations = (
				EE3FE6BC286A4A3C008BF3E1 /* Debug */,
				EE3FE6BD286A4A3C008BF3E1 /* Release */,
			);
			defaultConfigurationIsVisible = 0;
			defaultConfigurationName = Release;
		};
/* End XCConfigurationList section */
	};
	rootObject = EE3FE67E286A4A3B008BF3E1 /* Project object */;
}
